
Microsoft Visual Studio Solution File, Format Version 12.00
# Visual Studio Version 16
VisualStudioVersion = 16.0.31112.23
MinimumVisualStudioVersion = 10.0.40219.1
Project("{FAE04EC0-301F-11D3-BF4B-00C04F79EFBC}") = "U8XmlParser", "U8XmlParser\U8XmlParser.csproj", "{ADD436FC-0CB2-4FDB-AC42-70852E0868BB}"
EndProject
Global
	GlobalSection(SolutionConfigurationPlatforms) = preSolution
		Debug|Any CPU = Debug|Any CPU
		Release|Any CPU = Release|Any CPU
	EndGlobalSection
	GlobalSection(ProjectConfigurationPlatforms) = postSolution
		{ADD436FC-0CB2-4FDB-AC42-70852E0868BB}.Debug|Any CPU.ActiveCfg = Debug|Any CPU
		{ADD436FC-0CB2-4FDB-AC42-70852E0868BB}.Debug|Any CPU.Build.0 = Debug|Any CPU
		{ADD436FC-0CB2-4FDB-AC42-70852E0868BB}.Release|Any CPU.ActiveCfg = Release|Any CPU
		{ADD436FC-0CB2-4FDB-AC42-70852E0868BB}.Release|Any CPU.Build.0 = Release|Any CPU
	EndGlobalSection
	GlobalSection(SolutionProperties) = preSolution
		HideSolutionNode = FALSE
	EndGlobalSection
	GlobalSection(ExtensibilityGlobals) = postSolution
		SolutionGuid = {C7FB9280-6C7E-413B-AC4A-6AB87373C3F9}
	EndGlobalSection
EndGlobal
